
Microsoft Visual Studio Solution File, Format Version 12.00
# Visual Studio Version 17
VisualStudioVersion = 17.7.34003.232
MinimumVisualStudioVersion = 10.0.40219.1
Project("{FAE04EC0-301F-11D3-BF4B-00C04F79EFBC}") = "URL", "URL.csproj", "{2BE41EFF-49C6-4E26-BB90-0AF36F84520A}"
EndProject
Global
	GlobalSection(SolutionConfigurationPlatforms) = preSolution
		Debug|Any CPU = Debug|Any CPU
		Release|Any CPU = Release|Any CPU
	EndGlobalSection
	GlobalSection(ProjectConfigurationPlatforms) = postSolution
		{2BE41EFF-49C6-4E26-BB90-0AF36F84520A}.Debug|Any CPU.ActiveCfg = Debug|Any CPU
		{2BE41EFF-49C6-4E26-BB90-0AF36F84520A}.Debug|Any CPU.Build.0 = Debug|Any CPU
		{2BE41EFF-49C6-4E26-BB90-0AF36F84520A}.Release|Any CPU.ActiveCfg = Release|Any CPU
		{2BE41EFF-49C6-4E26-BB90-0AF36F84520A}.Release|Any CPU.Build.0 = Release|Any CPU
	EndGlobalSection
	GlobalSection(SolutionProperties) = preSolution
		HideSolutionNode = FALSE
	EndGlobalSection
	GlobalSection(ExtensibilityGlobals) = postSolution
		SolutionGuid = {EF86549C-EF84-49E8-AF16-2A11ACEC4333}
	EndGlobalSection
EndGlobal
