
Microsoft Visual Studio Solution File, Format Version 12.00
# Visual Studio Version 16
VisualStudioVersion = 16.0.29709.97
MinimumVisualStudioVersion = 10.0.40219.1
Project("{FAE04EC0-301F-11D3-BF4B-00C04F79EFBC}") = "TicTacToe", "TicTacToe.csproj", "{665DAD77-4F51-49FE-840D-5FEF404AD3AF}"
EndProject
Global
	GlobalSection(SolutionConfigurationPlatforms) = preSolution
		Debug|Any CPU = Debug|Any CPU
		Release|Any CPU = Release|Any CPU
	EndGlobalSection
	GlobalSection(ProjectConfigurationPlatforms) = postSolution
		{665DAD77-4F51-49FE-840D-5FEF404AD3AF}.Debug|Any CPU.ActiveCfg = Debug|Any CPU
		{665DAD77-4F51-49FE-840D-5FEF404AD3AF}.Debug|Any CPU.Build.0 = Debug|Any CPU
		{665DAD77-4F51-49FE-840D-5FEF404AD3AF}.Release|Any CPU.ActiveCfg = Release|Any CPU
		{665DAD77-4F51-49FE-840D-5FEF404AD3AF}.Release|Any CPU.Build.0 = Release|Any CPU
	EndGlobalSection
	GlobalSection(SolutionProperties) = preSolution
		HideSolutionNode = FALSE
	EndGlobalSection
	GlobalSection(ExtensibilityGlobals) = postSolution
		SolutionGuid = {DE3C0641-992C-4993-BE4D-5E789F5A60FA}
	EndGlobalSection
EndGlobal
